<?xml version="1.0" encoding="utf-8"?>
<Project ToolsVersion="4.0" xmlns="http://schemas.microsoft.com/developer/msbuild/2003">
  <ItemGroup>
    <Filter Include="Source Files">
      <UniqueIdentifier>{4FC737F1-C7A5-4376-A066-2A32D752A2FF}</UniqueIdentifier>
      <Extensions>cpp;c;cc;cxx;c++;def;odl;idl;hpj;bat;asm;asmx</Extensions>
    </Filter>
    <Filter Include="Header Files">
      <UniqueIdentifier>{93995380-89BD-4b04-88EB-625FBE52EBFB}</UniqueIdentifier>
      <Extensions>h;hh;hpp;hxx;h++;hm;inl;inc;ipp;xsd</Extensions>
    </Filter>
    <Filter Include="Resource Files">
      <UniqueIdentifier>{67DA6AB6-F800-4c08-8B7A-83BB121AAD01}</UniqueIdentifier>
      <Extensions>rc;ico;cur;bmp;dlg;rc2;rct;bin;rgs;gif;jpg;jpeg;jpe;resx;tiff;tif;png;wav;mfcribbon-ms</Extensions>
    </Filter>
    <Filter Include="Header Files\API Handler">
      <UniqueIdentifier>{e03ef1be-7d4e-4076-97c3-697fcec580dc}</UniqueIdentifier>
    </Filter>
    <Filter Include="Header Files\API Handler\Sensors">
      <UniqueIdentifier>{84014d23-6df8-4e45-bb5b-bbc643cddd9b}</UniqueIdentifier>
    </Filter>
  </ItemGroup>
  <ItemGroup>
    <ClInclude Include="target.hpp">
      <Filter>Header Files</Filter>
    </ClInclude>
    <ClInclude Include="httplib.h">
      <Filter>Header Files</Filter>
    </ClInclude>
    <ClInclude Include="json.hpp">
      <Filter>Header Files</Filter>
    </ClInclude>
    <ClInclude Include="ApiHandler.hpp">
      <Filter>Header Files\API Handler</Filter>
    </ClInclude>
    <ClInclude Include="Sensor.hpp">
      <Filter>Header Files\API Handler\Sensors</Filter>
    </ClInclude>
    <ClInclude Include="SensorApi.hpp">
      <Filter>Header Files\API Handler</Filter>
    </ClInclude>
    <ClInclude Include="PlaceholderSensor.hpp">
      <Filter>Header Files\API Handler\Sensors</Filter>
    </ClInclude>
    <ClInclude Include="CPUUsageSensor.hpp">
      <Filter>Header Files\API Handler\Sensors</Filter>
    </ClInclude>
    <ClInclude Include="MemoryUtilizationSensor.hpp">
      <Filter>Header Files\API Handler\Sensors</Filter>
    </ClInclude>
  </ItemGroup>
  <ItemGroup>
    <ClCompile Include="entrypoint.cpp">
      <Filter>Source Files</Filter>
    </ClCompile>
    <ClCompile Include="ApiHandler.cpp">
      <Filter>Header Files\API Handler</Filter>
    </ClCompile>
    <ClCompile Include="SensorApi.cpp">
      <Filter>Header Files\API Handler</Filter>
    </ClCompile>
  </ItemGroup>
</Project>